
Microsoft Visual Studio Solution File, Format Version 12.00
# Visual Studio Version 17
VisualStudioVersion = 17.9.34622.214
MinimumVisualStudioVersion = 10.0.40219.1
Project("{FAE04EC0-301F-11D3-BF4B-00C04F79EFBC}") = "DataTable1", "DataTable1\DataTable1.csproj", "{77BC1E23-C586-418B-A1A0-BAB797F7B8ED}"
EndProject
Global
	GlobalSection(SolutionConfigurationPlatforms) = preSolution
		Debug|Any CPU = Debug|Any CPU
		Release|Any CPU = Release|Any CPU
	EndGlobalSection
	GlobalSection(ProjectConfigurationPlatforms) = postSolution
		{77BC1E23-C586-418B-A1A0-BAB797F7B8ED}.Debug|Any CPU.ActiveCfg = Debug|Any CPU
		{77BC1E23-C586-418B-A1A0-BAB797F7B8ED}.Debug|Any CPU.Build.0 = Debug|Any CPU
		{77BC1E23-C586-418B-A1A0-BAB797F7B8ED}.Release|Any CPU.ActiveCfg = Release|Any CPU
		{77BC1E23-C586-418B-A1A0-BAB797F7B8ED}.Release|Any CPU.Build.0 = Release|Any CPU
	EndGlobalSection
	GlobalSection(SolutionProperties) = preSolution
		HideSolutionNode = FALSE
	EndGlobalSection
	GlobalSection(ExtensibilityGlobals) = postSolution
		SolutionGuid = {356B7F5A-8512-4897-B8CF-30C636FD8B9F}
	EndGlobalSection
EndGlobal
